
Microsoft Visual Studio Solution File, Format Version 12.00
# Visual Studio Version 17
VisualStudioVersion = 17.0.32126.317
MinimumVisualStudioVersion = 10.0.40219.1
Project("{FAE04EC0-301F-11D3-BF4B-00C04F79EFBC}") = "CSHARP_Examples", "CSHARP_Examples\CSHARP_Examples.csproj", "{F6727A82-7084-4CFB-A1C8-C8B032B00332}"
EndProject
Global
	GlobalSection(SolutionConfigurationPlatforms) = preSolution
		Debug|Any CPU = Debug|Any CPU
		Release|Any CPU = Release|Any CPU
	EndGlobalSection
	GlobalSection(ProjectConfigurationPlatforms) = postSolution
		{F6727A82-7084-4CFB-A1C8-C8B032B00332}.Debug|Any CPU.ActiveCfg = Debug|Any CPU
		{F6727A82-7084-4CFB-A1C8-C8B032B00332}.Debug|Any CPU.Build.0 = Debug|Any CPU
		{F6727A82-7084-4CFB-A1C8-C8B032B00332}.Release|Any CPU.ActiveCfg = Release|Any CPU
		{F6727A82-7084-4CFB-A1C8-C8B032B00332}.Release|Any CPU.Build.0 = Release|Any CPU
	EndGlobalSection
	GlobalSection(SolutionProperties) = preSolution
		HideSolutionNode = FALSE
	EndGlobalSection
	GlobalSection(ExtensibilityGlobals) = postSolution
		SolutionGuid = {79C22507-F848-4F8A-A366-D272700457CF}
	EndGlobalSection
EndGlobal
